// !$*UTF8*$!
{
	archiveVersion = 1;
	classes = {
	};
	objectVersion = 46;
	objects = {

/* Begin PBXBuildFile section */
		180926401E56EA7C0006E776 /* UIImage+XLExtension.m in Sources */ = {isa = PBXBuildFile; fileRef = 1809263D1E56EA7C0006E776 /* UIImage+XLExtension.m */; };
		180926411E56EA7C0006E776 /* UIView+XLExtension.m in Sources */ = {isa = PBXBuildFile; fileRef = 1809263F1E56EA7C0006E776 /* UIView+XLExtension.m */; };
		180926491E56EA860006E776 /* XLPhotoBrowser.m in Sources */ = {isa = PBXBuildFile; fileRef = 180926431E56EA860006E776 /* XLPhotoBrowser.m */; };
		1809264A1E56EA860006E776 /* XLProgressView.m in Sources */ = {isa = PBXBuildFile; fileRef = 180926461E56EA860006E776 /* XLProgressView.m */; };
		1809264B1E56EA860006E776 /* XLZoomingScrollView.m in Sources */ = {isa = PBXBuildFile; fileRef = 180926481E56EA860006E776 /* XLZoomingScrollView.m */; };
		1809266D1E56EBD80006E776 /* TAAbstractDotView.m in Sources */ = {isa = PBXBuildFile; fileRef = 180926661E56EBD80006E776 /* TAAbstractDotView.m */; };
		1809266E1E56EBD80006E776 /* TAAnimatedDotView.m in Sources */ = {isa = PBXBuildFile; fileRef = 180926681E56EBD80006E776 /* TAAnimatedDotView.m */; };
		1809266F1E56EBD80006E776 /* TADotView.m in Sources */ = {isa = PBXBuildFile; fileRef = 1809266A1E56EBD80006E776 /* TADotView.m */; };
		180926701E56EBD80006E776 /* TAPageControl.m in Sources */ = {isa = PBXBuildFile; fileRef = 1809266C1E56EBD80006E776 /* TAPageControl.m */; };
		180926861E56EC340006E776 /* FSActionSheet.m in Sources */ = {isa = PBXBuildFile; fileRef = 1809267F1E56EC340006E776 /* FSActionSheet.m */; };
		180926871E56EC340006E776 /* FSActionSheetCell.m in Sources */ = {isa = PBXBuildFile; fileRef = 180926811E56EC340006E776 /* FSActionSheetCell.m */; };
		180926881E56EC340006E776 /* FSActionSheetConfig.m in Sources */ = {isa = PBXBuildFile; fileRef = 180926831E56EC340006E776 /* FSActionSheetConfig.m */; };
		180926891E56EC340006E776 /* FSActionSheetItem.m in Sources */ = {isa = PBXBuildFile; fileRef = 180926851E56EC340006E776 /* FSActionSheetItem.m */; };
		1809268C1E56EC3E0006E776 /* FSActionSheet_cancel@2x.png in Resources */ = {isa = PBXBuildFile; fileRef = 1809268A1E56EC3E0006E776 /* FSActionSheet_cancel@2x.png */; };
		1809268D1E56EC3E0006E776 /* FSActionSheet_cancel@3x.png in Resources */ = {isa = PBXBuildFile; fileRef = 1809268B1E56EC3E0006E776 /* FSActionSheet_cancel@3x.png */; };
		187F0C251E56962D0062EEA8 /* main.m in Sources */ = {isa = PBXBuildFile; fileRef = 187F0C241E56962D0062EEA8 /* main.m */; };
		187F0C281E56962D0062EEA8 /* AppDelegate.m in Sources */ = {isa = PBXBuildFile; fileRef = 187F0C271E56962D0062EEA8 /* AppDelegate.m */; };
		187F0C2B1E56962D0062EEA8 /* ViewController.m in Sources */ = {isa = PBXBuildFile; fileRef = 187F0C2A1E56962D0062EEA8 /* ViewController.m */; };
		187F0C2E1E56962D0062EEA8 /* Main.storyboard in Resources */ = {isa = PBXBuildFile; fileRef = 187F0C2C1E56962D0062EEA8 /* Main.storyboard */; };
		187F0C301E56962D0062EEA8 /* Assets.xcassets in Resources */ = {isa = PBXBuildFile; fileRef = 187F0C2F1E56962D0062EEA8 /* Assets.xcassets */; };
		187F0C331E56962D0062EEA8 /* LaunchScreen.storyboard in Resources */ = {isa = PBXBuildFile; fileRef = 187F0C311E56962D0062EEA8 /* LaunchScreen.storyboard */; };
		187F0C3B1E5696790062EEA8 /* photo1.jpg in Resources */ = {isa = PBXBuildFile; fileRef = 187F0C3A1E5696790062EEA8 /* photo1.jpg */; };
		187F0C3D1E56967F0062EEA8 /* photo2.jpg in Resources */ = {isa = PBXBuildFile; fileRef = 187F0C3C1E56967F0062EEA8 /* photo2.jpg */; };
		187F0C3F1E5696890062EEA8 /* photo2t.jpg in Resources */ = {isa = PBXBuildFile; fileRef = 187F0C3E1E5696890062EEA8 /* photo2t.jpg */; };
		187F0C411E56968F0062EEA8 /* photo3.jpg in Resources */ = {isa = PBXBuildFile; fileRef = 187F0C401E56968F0062EEA8 /* photo3.jpg */; };
		187F0C431E5696960062EEA8 /* photo3t.jpg in Resources */ = {isa = PBXBuildFile; fileRef = 187F0C421E5696960062EEA8 /* photo3t.jpg */; };
		187F0C451E56969C0062EEA8 /* photo4.jpg in Resources */ = {isa = PBXBuildFile; fileRef = 187F0C441E56969C0062EEA8 /* photo4.jpg */; };
		187F0C471E5696A30062EEA8 /* photo4t.jpg in Resources */ = {isa = PBXBuildFile; fileRef = 187F0C461E5696A30062EEA8 /* photo4t.jpg */; };
		187F0C491E5696AC0062EEA8 /* photo5.jpg in Resources */ = {isa = PBXBuildFile; fileRef = 187F0C481E5696AC0062EEA8 /* photo5.jpg */; };
		187F0C4B1E5696B10062EEA8 /* photo5t.jpg in Resources */ = {isa = PBXBuildFile; fileRef = 187F0C4A1E5696B10062EEA8 /* photo5t.jpg */; };
		187F0C4D1E5696B70062EEA8 /* photo6.jpg in Resources */ = {isa = PBXBuildFile; fileRef = 187F0C4C1E5696B70062EEA8 /* photo6.jpg */; };
		187F0C4F1E5696BD0062EEA8 /* photo6t.jpg in Resources */ = {isa = PBXBuildFile; fileRef = 187F0C4E1E5696BD0062EEA8 /* photo6t.jpg */; };
		187F0C511E5696C40062EEA8 /* photo7.jpg in Resources */ = {isa = PBXBuildFile; fileRef = 187F0C501E5696C40062EEA8 /* photo7.jpg */; };
		187F0C531E5696CA0062EEA8 /* photo7t.jpg in Resources */ = {isa = PBXBuildFile; fileRef = 187F0C521E5696CA0062EEA8 /* photo7t.jpg */; };
		187F0C551E5696D30062EEA8 /* photo8.jpg in Resources */ = {isa = PBXBuildFile; fileRef = 187F0C541E5696D30062EEA8 /* photo8.jpg */; };
		187F0C571E5696DF0062EEA8 /* photo8t.jpg in Resources */ = {isa = PBXBuildFile; fileRef = 187F0C561E5696DF0062EEA8 /* photo8t.jpg */; };
		187F0C591E5696E60062EEA8 /* photo9.jpg in Resources */ = {isa = PBXBuildFile; fileRef = 187F0C581E5696E60062EEA8 /* photo9.jpg */; };
		187F0C5B1E5696F10062EEA8 /* photo10.JPG in Resources */ = {isa = PBXBuildFile; fileRef = 187F0C5A1E5696F10062EEA8 /* photo10.JPG */; };
		18E2BEBD1E56E7EF00396801 /* MKAnnotationView+WebCache.m in Sources */ = {isa = PBXBuildFile; fileRef = 18E2BE9D1E56E7EF00396801 /* MKAnnotationView+WebCache.m */; };
		18E2BEBE1E56E7EF00396801 /* NSData+ImageContentType.m in Sources */ = {isa = PBXBuildFile; fileRef = 18E2BE9F1E56E7EF00396801 /* NSData+ImageContentType.m */; };
		18E2BEBF1E56E7EF00396801 /* SDImageCache.m in Sources */ = {isa = PBXBuildFile; fileRef = 18E2BEA11E56E7EF00396801 /* SDImageCache.m */; };
		18E2BEC01E56E7EF00396801 /* SDWebImageCompat.m in Sources */ = {isa = PBXBuildFile; fileRef = 18E2BEA31E56E7EF00396801 /* SDWebImageCompat.m */; };
		18E2BEC11E56E7EF00396801 /* SDWebImageDecoder.m in Sources */ = {isa = PBXBuildFile; fileRef = 18E2BEA51E56E7EF00396801 /* SDWebImageDecoder.m */; };
		18E2BEC21E56E7EF00396801 /* SDWebImageDownloader.m in Sources */ = {isa = PBXBuildFile; fileRef = 18E2BEA71E56E7EF00396801 /* SDWebImageDownloader.m */; };
		18E2BEC31E56E7EF00396801 /* SDWebImageDownloaderOperation.m in Sources */ = {isa = PBXBuildFile; fileRef = 18E2BEA91E56E7EF00396801 /* SDWebImageDownloaderOperation.m */; };
		18E2BEC41E56E7EF00396801 /* SDWebImageManager.m in Sources */ = {isa = PBXBuildFile; fileRef = 18E2BEAB1E56E7EF00396801 /* SDWebImageManager.m */; };
		18E2BEC51E56E7EF00396801 /* SDWebImagePrefetcher.m in Sources */ = {isa = PBXBuildFile; fileRef = 18E2BEAE1E56E7EF00396801 /* SDWebImagePrefetcher.m */; };
		18E2BEC61E56E7EF00396801 /* UIButton+WebCache.m in Sources */ = {isa = PBXBuildFile; fileRef = 18E2BEB01E56E7EF00396801 /* UIButton+WebCache.m */; };
		18E2BEC71E56E7EF00396801 /* UIImage+GIF.m in Sources */ = {isa = PBXBuildFile; fileRef = 18E2BEB21E56E7EF00396801 /* UIImage+GIF.m */; };
		18E2BEC81E56E7EF00396801 /* UIImage+MultiFormat.m in Sources */ = {isa = PBXBuildFile; fileRef = 18E2BEB41E56E7EF00396801 /* UIImage+MultiFormat.m */; };
		18E2BEC91E56E7EF00396801 /* UIImage+WebP.m in Sources */ = {isa = PBXBuildFile; fileRef = 18E2BEB61E56E7EF00396801 /* UIImage+WebP.m */; };
		18E2BECA1E56E7EF00396801 /* UIImageView+HighlightedWebCache.m in Sources */ = {isa = PBXBuildFile; fileRef = 18E2BEB81E56E7EF00396801 /* UIImageView+HighlightedWebCache.m */; };
		18E2BECB1E56E7EF00396801 /* UIImageView+WebCache.m in Sources */ = {isa = PBXBuildFile; fileRef = 18E2BEBA1E56E7EF00396801 /* UIImageView+WebCache.m */; };
		18E2BECC1E56E7EF00396801 /* UIView+WebCacheOperation.m in Sources */ = {isa = PBXBuildFile; fileRef = 18E2BEBC1E56E7EF00396801 /* UIView+WebCacheOperation.m */; };
/* End PBXBuildFile section */

/* Begin PBXFileReference section */
		1809263C1E56EA7C0006E776 /* UIImage+XLExtension.h */ = {isa = PBXFileReference; fileEncoding = 4; lastKnownFileType = sourcecode.c.h; path = "UIImage+XLExtension.h"; sourceTree = SOURCE_ROOT; };
		1809263D1E56EA7C0006E776 /* UIImage+XLExtension.m */ = {isa = PBXFileReference; fileEncoding = 4; lastKnownFileType = sourcecode.c.objc; path = "UIImage+XLExtension.m"; sourceTree = SOURCE_ROOT; };
		1809263E1E56EA7C0006E776 /* UIView+XLExtension.h */ = {isa = PBXFileReference; fileEncoding = 4; lastKnownFileType = sourcecode.c.h; path = "UIView+XLExtension.h"; sourceTree = SOURCE_ROOT; };
		1809263F1E56EA7C0006E776 /* UIView+XLExtension.m */ = {isa = PBXFileReference; fileEncoding = 4; lastKnownFileType = sourcecode.c.objc; path = "UIView+XLExtension.m"; sourceTree = SOURCE_ROOT; };
		180926421E56EA860006E776 /* XLPhotoBrowser.h */ = {isa = PBXFileReference; fileEncoding = 4; lastKnownFileType = sourcecode.c.h; path = XLPhotoBrowser.h; sourceTree = SOURCE_ROOT; };
		180926431E56EA860006E776 /* XLPhotoBrowser.m */ = {isa = PBXFileReference; fileEncoding = 4; lastKnownFileType = sourcecode.c.objc; path = XLPhotoBrowser.m; sourceTree = SOURCE_ROOT; };
		180926441E56EA860006E776 /* XLPhotoBrowserConfig.h */ = {isa = PBXFileReference; fileEncoding = 4; lastKnownFileType = sourcecode.c.h; path = XLPhotoBrowserConfig.h; sourceTree = SOURCE_ROOT; };
		180926451E56EA860006E776 /* XLProgressView.h */ = {isa = PBXFileReference; fileEncoding = 4; lastKnownFileType = sourcecode.c.h; path = XLProgressView.h; sourceTree = SOURCE_ROOT; };
		180926461E56EA860006E776 /* XLProgressView.m */ = {isa = PBXFileReference; fileEncoding = 4; lastKnownFileType = sourcecode.c.objc; path = XLProgressView.m; sourceTree = SOURCE_ROOT; };
		180926471E56EA860006E776 /* XLZoomingScrollView.h */ = {isa = PBXFileReference; fileEncoding = 4; lastKnownFileType = sourcecode.c.h; path = XLZoomingScrollView.h; sourceTree = SOURCE_ROOT; };
		180926481E56EA860006E776 /* XLZoomingScrollView.m */ = {isa = PBXFileReference; fileEncoding = 4; lastKnownFileType = sourcecode.c.objc; path = XLZoomingScrollView.m; sourceTree = SOURCE_ROOT; };
		180926651E56EBD80006E776 /* TAAbstractDotView.h */ = {isa = PBXFileReference; fileEncoding = 4; lastKnownFileType = sourcecode.c.h; path = TAAbstractDotView.h; sourceTree = "<group>"; };
		180926661E56EBD80006E776 /* TAAbstractDotView.m */ = {isa = PBXFileReference; fileEncoding = 4; lastKnownFileType = sourcecode.c.objc; path = TAAbstractDotView.m; sourceTree = "<group>"; };
		180926671E56EBD80006E776 /* TAAnimatedDotView.h */ = {isa = PBXFileReference; fileEncoding = 4; lastKnownFileType = sourcecode.c.h; path = TAAnimatedDotView.h; sourceTree = "<group>"; };
		180926681E56EBD80006E776 /* TAAnimatedDotView.m */ = {isa = PBXFileReference; fileEncoding = 4; lastKnownFileType = sourcecode.c.objc; path = TAAnimatedDotView.m; sourceTree = "<group>"; };
		180926691E56EBD80006E776 /* TADotView.h */ = {isa = PBXFileReference; fileEncoding = 4; lastKnownFileType = sourcecode.c.h; path = TADotView.h; sourceTree = "<group>"; };
		1809266A1E56EBD80006E776 /* TADotView.m */ = {isa = PBXFileReference; fileEncoding = 4; lastKnownFileType = sourcecode.c.objc; path = TADotView.m; sourceTree = "<group>"; };
		1809266B1E56EBD80006E776 /* TAPageControl.h */ = {isa = PBXFileReference; fileEncoding = 4; lastKnownFileType = sourcecode.c.h; path = TAPageControl.h; sourceTree = "<group>"; };
		1809266C1E56EBD80006E776 /* TAPageControl.m */ = {isa = PBXFileReference; fileEncoding = 4; lastKnownFileType = sourcecode.c.objc; path = TAPageControl.m; sourceTree = "<group>"; };
		1809267E1E56EC340006E776 /* FSActionSheet.h */ = {isa = PBXFileReference; fileEncoding = 4; lastKnownFileType = sourcecode.c.h; path = FSActionSheet.h; sourceTree = "<group>"; };
		1809267F1E56EC340006E776 /* FSActionSheet.m */ = {isa = PBXFileReference; fileEncoding = 4; lastKnownFileType = sourcecode.c.objc; path = FSActionSheet.m; sourceTree = "<group>"; };
		180926801E56EC340006E776 /* FSActionSheetCell.h */ = {isa = PBXFileReference; fileEncoding = 4; lastKnownFileType = sourcecode.c.h; path = FSActionSheetCell.h; sourceTree = "<group>"; };
		180926811E56EC340006E776 /* FSActionSheetCell.m */ = {isa = PBXFileReference; fileEncoding = 4; lastKnownFileType = sourcecode.c.objc; path = FSActionSheetCell.m; sourceTree = "<group>"; };
		180926821E56EC340006E776 /* FSActionSheetConfig.h */ = {isa = PBXFileReference; fileEncoding = 4; lastKnownFileType = sourcecode.c.h; path = FSActionSheetConfig.h; sourceTree = "<group>"; };
		180926831E56EC340006E776 /* FSActionSheetConfig.m */ = {isa = PBXFileReference; fileEncoding = 4; lastKnownFileType = sourcecode.c.objc; path = FSActionSheetConfig.m; sourceTree = "<group>"; };
		180926841E56EC340006E776 /* FSActionSheetItem.h */ = {isa = PBXFileReference; fileEncoding = 4; lastKnownFileType = sourcecode.c.h; path = FSActionSheetItem.h; sourceTree = "<group>"; };
		180926851E56EC340006E776 /* FSActionSheetItem.m */ = {isa = PBXFileReference; fileEncoding = 4; lastKnownFileType = sourcecode.c.objc; path = FSActionSheetItem.m; sourceTree = "<group>"; };
		1809268A1E56EC3E0006E776 /* FSActionSheet_cancel@2x.png */ = {isa = PBXFileReference; lastKnownFileType = image.png; path = "FSActionSheet_cancel@2x.png"; sourceTree = "<group>"; };
		1809268B1E56EC3E0006E776 /* FSActionSheet_cancel@3x.png */ = {isa = PBXFileReference; lastKnownFileType = image.png; path = "FSActionSheet_cancel@3x.png"; sourceTree = "<group>"; };
		187F0C201E56962D0062EEA8 /* LHPhotoBrowser.app */ = {isa = PBXFileReference; explicitFileType = wrapper.application; includeInIndex = 0; path = LHPhotoBrowser.app; sourceTree = BUILT_PRODUCTS_DIR; };
		187F0C241E56962D0062EEA8 /* main.m */ = {isa = PBXFileReference; lastKnownFileType = sourcecode.c.objc; path = main.m; sourceTree = "<group>"; };
		187F0C261E56962D0062EEA8 /* AppDelegate.h */ = {isa = PBXFileReference; lastKnownFileType = sourcecode.c.h; path = AppDelegate.h; sourceTree = "<group>"; };
		187F0C271E56962D0062EEA8 /* AppDelegate.m */ = {isa = PBXFileReference; lastKnownFileType = sourcecode.c.objc; path = AppDelegate.m; sourceTree = "<group>"; };
		187F0C291E56962D0062EEA8 /* ViewController.h */ = {isa = PBXFileReference; lastKnownFileType = sourcecode.c.h; path = ViewController.h; sourceTree = "<group>"; };
		187F0C2A1E56962D0062EEA8 /* ViewController.m */ = {isa = PBXFileReference; lastKnownFileType = sourcecode.c.objc; path = ViewController.m; sourceTree = "<group>"; };
		187F0C2D1E56962D0062EEA8 /* Base */ = {isa = PBXFileReference; lastKnownFileType = file.storyboard; name = Base; path = Base.lproj/Main.storyboard; sourceTree = "<group>"; };
		187F0C2F1E56962D0062EEA8 /* Assets.xcassets */ = {isa = PBXFileReference; lastKnownFileType = folder.assetcatalog; path = Assets.xcassets; sourceTree = "<group>"; };
		187F0C321E56962D0062EEA8 /* Base */ = {isa = PBXFileReference; lastKnownFileType = file.storyboard; name = Base; path = Base.lproj/LaunchScreen.storyboard; sourceTree = "<group>"; };
		187F0C341E56962D0062EEA8 /* Info.plist */ = {isa = PBXFileReference; lastKnownFileType = text.plist.xml; path = Info.plist; sourceTree = "<group>"; };
		187F0C3A1E5696790062EEA8 /* photo1.jpg */ = {isa = PBXFileReference; lastKnownFileType = image.jpeg; path = photo1.jpg; sourceTree = "<group>"; };
		187F0C3C1E56967F0062EEA8 /* photo2.jpg */ = {isa = PBXFileReference; lastKnownFileType = image.jpeg; path = photo2.jpg; sourceTree = "<group>"; };
		187F0C3E1E5696890062EEA8 /* photo2t.jpg */ = {isa = PBXFileReference; lastKnownFileType = image.jpeg; path = photo2t.jpg; sourceTree = "<group>"; };
		187F0C401E56968F0062EEA8 /* photo3.jpg */ = {isa = PBXFileReference; lastKnownFileType = image.jpeg; path = photo3.jpg; sourceTree = "<group>"; };
		187F0C421E5696960062EEA8 /* photo3t.jpg */ = {isa = PBXFileReference; lastKnownFileType = image.jpeg; path = photo3t.jpg; sourceTree = "<group>"; };
		187F0C441E56969C0062EEA8 /* photo4.jpg */ = {isa = PBXFileReference; lastKnownFileType = image.jpeg; path = photo4.jpg; sourceTree = "<group>"; };
		187F0C461E5696A30062EEA8 /* photo4t.jpg */ = {isa = PBXFileReference; lastKnownFileType = image.jpeg; path = photo4t.jpg; sourceTree = "<group>"; };
		187F0C481E5696AC0062EEA8 /* photo5.jpg */ = {isa = PBXFileReference; lastKnownFileType = image.jpeg; path = photo5.jpg; sourceTree = "<group>"; };
		187F0C4A1E5696B10062EEA8 /* photo5t.jpg */ = {isa = PBXFileReference; lastKnownFileType = image.jpeg; path = photo5t.jpg; sourceTree = "<group>"; };
		187F0C4C1E5696B70062EEA8 /* photo6.jpg */ = {isa = PBXFileReference; lastKnownFileType = image.jpeg; path = photo6.jpg; sourceTree = "<group>"; };
		187F0C4E1E5696BD0062EEA8 /* photo6t.jpg */ = {isa = PBXFileReference; lastKnownFileType = image.jpeg; path = photo6t.jpg; sourceTree = "<group>"; };
		187F0C501E5696C40062EEA8 /* photo7.jpg */ = {isa = PBXFileReference; lastKnownFileType = image.jpeg; path = photo7.jpg; sourceTree = "<group>"; };
		187F0C521E5696CA0062EEA8 /* photo7t.jpg */ = {isa = PBXFileReference; lastKnownFileType = image.jpeg; path = photo7t.jpg; sourceTree = "<group>"; };
		187F0C541E5696D30062EEA8 /* photo8.jpg */ = {isa = PBXFileReference; lastKnownFileType = image.jpeg; path = photo8.jpg; sourceTree = "<group>"; };
		187F0C561E5696DF0062EEA8 /* photo8t.jpg */ = {isa = PBXFileReference; lastKnownFileType = image.jpeg; path = photo8t.jpg; sourceTree = "<group>"; };
		187F0C581E5696E60062EEA8 /* photo9.jpg */ = {isa = PBXFileReference; lastKnownFileType = image.jpeg; path = photo9.jpg; sourceTree = "<group>"; };
		187F0C5A1E5696F10062EEA8 /* photo10.JPG */ = {isa = PBXFileReference; lastKnownFileType = image.jpeg; path = photo10.JPG; sourceTree = "<group>"; };
		18E2BE9C1E56E7EF00396801 /* MKAnnotationView+WebCache.h */ = {isa = PBXFileReference; fileEncoding = 4; lastKnownFileType = sourcecode.c.h; path = "MKAnnotationView+WebCache.h"; sourceTree = "<group>"; };
		18E2BE9D1E56E7EF00396801 /* MKAnnotationView+WebCache.m */ = {isa = PBXFileReference; fileEncoding = 4; lastKnownFileType = sourcecode.c.objc; path = "MKAnnotationView+WebCache.m"; sourceTree = "<group>"; };
		18E2BE9E1E56E7EF00396801 /* NSData+ImageContentType.h */ = {isa = PBXFileReference; fileEncoding = 4; lastKnownFileType = sourcecode.c.h; path = "NSData+ImageContentType.h"; sourceTree = "<group>"; };
		18E2BE9F1E56E7EF00396801 /* NSData+ImageContentType.m */ = {isa = PBXFileReference; fileEncoding = 4; lastKnownFileType = sourcecode.c.objc; path = "NSData+ImageContentType.m"; sourceTree = "<group>"; };
		18E2BEA01E56E7EF00396801 /* SDImageCache.h */ = {isa = PBXFileReference; fileEncoding = 4; lastKnownFileType = sourcecode.c.h; path = SDImageCache.h; sourceTree = "<group>"; };
		18E2BEA11E56E7EF00396801 /* SDImageCache.m */ = {isa = PBXFileReference; fileEncoding = 4; lastKnownFileType = sourcecode.c.objc; path = SDImageCache.m; sourceTree = "<group>"; };
		18E2BEA21E56E7EF00396801 /* SDWebImageCompat.h */ = {isa = PBXFileReference; fileEncoding = 4; lastKnownFileType = sourcecode.c.h; path = SDWebImageCompat.h; sourceTree = "<group>"; };
		18E2BEA31E56E7EF00396801 /* SDWebImageCompat.m */ = {isa = PBXFileReference; fileEncoding = 4; lastKnownFileType = sourcecode.c.objc; path = SDWebImageCompat.m; sourceTree = "<group>"; };
		18E2BEA41E56E7EF00396801 /* SDWebImageDecoder.h */ = {isa = PBXFileReference; fileEncoding = 4; lastKnownFileType = sourcecode.c.h; path = SDWebImageDecoder.h; sourceTree = "<group>"; };
		18E2BEA51E56E7EF00396801 /* SDWebImageDecoder.m */ = {isa = PBXFileReference; fileEncoding = 4; lastKnownFileType = sourcecode.c.objc; path = SDWebImageDecoder.m; sourceTree = "<group>"; };
		18E2BEA61E56E7EF00396801 /* SDWebImageDownloader.h */ = {isa = PBXFileReference; fileEncoding = 4; lastKnownFileType = sourcecode.c.h; path = SDWebImageDownloader.h; sourceTree = "<group>"; };
		18E2BEA71E56E7EF00396801 /* SDWebImageDownloader.m */ = {isa = PBXFileReference; fileEncoding = 4; lastKnownFileType = sourcecode.c.objc; path = SDWebImageDownloader.m; sourceTree = "<group>"; };
		18E2BEA81E56E7EF00396801 /* SDWebImageDownloaderOperation.h */ = {isa = PBXFileReference; fileEncoding = 4; lastKnownFileType = sourcecode.c.h; path = SDWebImageDownloaderOperation.h; sourceTree = "<group>"; };
		18E2BEA91E56E7EF00396801 /* SDWebImageDownloaderOperation.m */ = {isa = PBXFileReference; fileEncoding = 4; lastKnownFileType = sourcecode.c.objc; path = SDWebImageDownloaderOperation.m; sourceTree = "<group>"; };
		18E2BEAA1E56E7EF00396801 /* SDWebImageManager.h */ = {isa = PBXFileReference; fileEncoding = 4; lastKnownFileType = sourcecode.c.h; path = SDWebImageManager.h; sourceTree = "<group>"; };
		18E2BEAB1E56E7EF00396801 /* SDWebImageManager.m */ = {isa = PBXFileReference; fileEncoding = 4; lastKnownFileType = sourcecode.c.objc; path = SDWebImageManager.m; sourceTree = "<group>"; };
		18E2BEAC1E56E7EF00396801 /* SDWebImageOperation.h */ = {isa = PBXFileReference; fileEncoding = 4; lastKnownFileType = sourcecode.c.h; path = SDWebImageOperation.h; sourceTree = "<group>"; };
		18E2BEAD1E56E7EF00396801 /* SDWebImagePrefetcher.h */ = {isa = PBXFileReference; fileEncoding = 4; lastKnownFileType = sourcecode.c.h; path = SDWebImagePrefetcher.h; sourceTree = "<group>"; };
		18E2BEAE1E56E7EF00396801 /* SDWebImagePrefetcher.m */ = {isa = PBXFileReference; fileEncoding = 4; lastKnownFileType = sourcecode.c.objc; path = SDWebImagePrefetcher.m; sourceTree = "<group>"; };
		18E2BEAF1E56E7EF00396801 /* UIButton+WebCache.h */ = {isa = PBXFileReference; fileEncoding = 4; lastKnownFileType = sourcecode.c.h; path = "UIButton+WebCache.h"; sourceTree = "<group>"; };
		18E2BEB01E56E7EF00396801 /* UIButton+WebCache.m */ = {isa = PBXFileReference; fileEncoding = 4; lastKnownFileType = sourcecode.c.objc; path = "UIButton+WebCache.m"; sourceTree = "<group>"; };
		18E2BEB11E56E7EF00396801 /* UIImage+GIF.h */ = {isa = PBXFileReference; fileEncoding = 4; lastKnownFileType = sourcecode.c.h; path = "UIImage+GIF.h"; sourceTree = "<group>"; };
		18E2BEB21E56E7EF00396801 /* UIImage+GIF.m */ = {isa = PBXFileReference; fileEncoding = 4; lastKnownFileType = sourcecode.c.objc; path = "UIImage+GIF.m"; sourceTree = "<group>"; };
		18E2BEB31E56E7EF00396801 /* UIImage+MultiFormat.h */ = {isa = PBXFileReference; fileEncoding = 4; lastKnownFileType = sourcecode.c.h; path = "UIImage+MultiFormat.h"; sourceTree = "<group>"; };
		18E2BEB41E56E7EF00396801 /* UIImage+MultiFormat.m */ = {isa = PBXFileReference; fileEncoding = 4; lastKnownFileType = sourcecode.c.objc; path = "UIImage+MultiFormat.m"; sourceTree = "<group>"; };
		18E2BEB51E56E7EF00396801 /* UIImage+WebP.h */ = {isa = PBXFileReference; fileEncoding = 4; lastKnownFileType = sourcecode.c.h; path = "UIImage+WebP.h"; sourceTree = "<group>"; };
		18E2BEB61E56E7EF00396801 /* UIImage+WebP.m */ = {isa = PBXFileReference; fileEncoding = 4; lastKnownFileType = sourcecode.c.objc; path = "UIImage+WebP.m"; sourceTree = "<group>"; };
		18E2BEB71E56E7EF00396801 /* UIImageView+HighlightedWebCache.h */ = {isa = PBXFileReference; fileEncoding = 4; lastKnownFileType = sourcecode.c.h; path = "UIImageView+HighlightedWebCache.h"; sourceTree = "<group>"; };
		18E2BEB81E56E7EF00396801 /* UIImageView+HighlightedWebCache.m */ = {isa = PBXFileReference; fileEncoding = 4; lastKnownFileType = sourcecode.c.objc; path = "UIImageView+HighlightedWebCache.m"; sourceTree = "<group>"; };
		18E2BEB91E56E7EF00396801 /* UIImageView+WebCache.h */ = {isa = PBXFileReference; fileEncoding = 4; lastKnownFileType = sourcecode.c.h; path = "UIImageView+WebCache.h"; sourceTree = "<group>"; };
		18E2BEBA1E56E7EF00396801 /* UIImageView+WebCache.m */ = {isa = PBXFileReference; fileEncoding = 4; lastKnownFileType = sourcecode.c.objc; path = "UIImageView+WebCache.m"; sourceTree = "<group>"; };
		18E2BEBB1E56E7EF00396801 /* UIView+WebCacheOperation.h */ = {isa = PBXFileReference; fileEncoding = 4; lastKnownFileType = sourcecode.c.h; path = "UIView+WebCacheOperation.h"; sourceTree = "<group>"; };
		18E2BEBC1E56E7EF00396801 /* UIView+WebCacheOperation.m */ = {isa = PBXFileReference; fileEncoding = 4; lastKnownFileType = sourcecode.c.objc; path = "UIView+WebCacheOperation.m"; sourceTree = "<group>"; };
/* End PBXFileReference section */

/* Begin PBXFrameworksBuildPhase section */
		187F0C1D1E56962D0062EEA8 /* Frameworks */ = {
			isa = PBXFrameworksBuildPhase;
			buildActionMask = 2147483647;
			files = (
			);
			runOnlyForDeploymentPostprocessing = 0;
		};
/* End PBXFrameworksBuildPhase section */

/* Begin PBXGroup section */
		180926641E56EBAC0006E776 /* PageControl */ = {
			isa = PBXGroup;
			children = (
				180926651E56EBD80006E776 /* TAAbstractDotView.h */,
				180926661E56EBD80006E776 /* TAAbstractDotView.m */,
				180926671E56EBD80006E776 /* TAAnimatedDotView.h */,
				180926681E56EBD80006E776 /* TAAnimatedDotView.m */,
				180926691E56EBD80006E776 /* TADotView.h */,
				1809266A1E56EBD80006E776 /* TADotView.m */,
				1809266B1E56EBD80006E776 /* TAPageControl.h */,
				1809266C1E56EBD80006E776 /* TAPageControl.m */,
			);
			name = PageControl;
			path = ../../sourceTree/LHPhotoBrowser/LHPhotoBrowser/SDWebImage;
			sourceTree = "<group>";
		};
		1809267D1E56EC1B0006E776 /* FSActionSheet */ = {
			isa = PBXGroup;
			children = (
				1809267E1E56EC340006E776 /* FSActionSheet.h */,
				1809267F1E56EC340006E776 /* FSActionSheet.m */,
				180926801E56EC340006E776 /* FSActionSheetCell.h */,
				180926811E56EC340006E776 /* FSActionSheetCell.m */,
				180926821E56EC340006E776 /* FSActionSheetConfig.h */,
				180926831E56EC340006E776 /* FSActionSheetConfig.m */,
				180926841E56EC340006E776 /* FSActionSheetItem.h */,
				180926851E56EC340006E776 /* FSActionSheetItem.m */,
				1809268A1E56EC3E0006E776 /* FSActionSheet_cancel@2x.png */,
				1809268B1E56EC3E0006E776 /* FSActionSheet_cancel@3x.png */,
			);
			name = FSActionSheet;
			path = ../../sourceTree/LHPhotoBrowser/LHPhotoBrowser/SDWebImage;
			sourceTree = "<group>";
		};
		187F0C171E56962D0062EEA8 = {
			isa = PBXGroup;
			children = (
				187F0C221E56962D0062EEA8 /* LHPhotoBrowser */,
				187F0C211E56962D0062EEA8 /* Products */,
			);
			sourceTree = "<group>";
		};
		187F0C211E56962D0062EEA8 /* Products */ = {
			isa = PBXGroup;
			children = (
				187F0C201E56962D0062EEA8 /* LHPhotoBrowser.app */,
			);
			name = Products;
			sourceTree = "<group>";
		};
		187F0C221E56962D0062EEA8 /* LHPhotoBrowser */ = {
			isa = PBXGroup;
			children = (
				187F0C9F1E569AE20062EEA8 /* XLPhotoBrowser */,
				187F0C261E56962D0062EEA8 /* AppDelegate.h */,
				187F0C271E56962D0062EEA8 /* AppDelegate.m */,
				187F0C291E56962D0062EEA8 /* ViewController.h */,
				187F0C2A1E56962D0062EEA8 /* ViewController.m */,
				187F0C2C1E56962D0062EEA8 /* Main.storyboard */,
				187F0C2F1E56962D0062EEA8 /* Assets.xcassets */,
				187F0C311E56962D0062EEA8 /* LaunchScreen.storyboard */,
				187F0C341E56962D0062EEA8 /* Info.plist */,
				187F0C231E56962D0062EEA8 /* Supporting Files */,
			);
			path = LHPhotoBrowser;
			sourceTree = "<group>";
		};
		187F0C231E56962D0062EEA8 /* Supporting Files */ = {
			isa = PBXGroup;
			children = (
				187F0C241E56962D0062EEA8 /* main.m */,
				187F0C3A1E5696790062EEA8 /* photo1.jpg */,
				187F0C3C1E56967F0062EEA8 /* photo2.jpg */,
				187F0C3E1E5696890062EEA8 /* photo2t.jpg */,
				187F0C401E56968F0062EEA8 /* photo3.jpg */,
				187F0C421E5696960062EEA8 /* photo3t.jpg */,
				187F0C441E56969C0062EEA8 /* photo4.jpg */,
				187F0C461E5696A30062EEA8 /* photo4t.jpg */,
				187F0C481E5696AC0062EEA8 /* photo5.jpg */,
				187F0C4A1E5696B10062EEA8 /* photo5t.jpg */,
				187F0C4C1E5696B70062EEA8 /* photo6.jpg */,
				187F0C4E1E5696BD0062EEA8 /* photo6t.jpg */,
				187F0C501E5696C40062EEA8 /* photo7.jpg */,
				187F0C521E5696CA0062EEA8 /* photo7t.jpg */,
				187F0C541E5696D30062EEA8 /* photo8.jpg */,
				187F0C561E5696DF0062EEA8 /* photo8t.jpg */,
				187F0C581E5696E60062EEA8 /* photo9.jpg */,
				187F0C5A1E5696F10062EEA8 /* photo10.JPG */,
			);
			name = "Supporting Files";
			sourceTree = "<group>";
		};
		187F0C9F1E569AE20062EEA8 /* XLPhotoBrowser */ = {
			isa = PBXGroup;
			children = (
				18E2BE7B1E56E7A900396801 /* Vender */,
			);
			name = XLPhotoBrowser;
			path = "/Users/apple/Desktop/XLPhotoBrowser-master/XLPhotoBrowserDemo/../XLPhotoBrowser";
			sourceTree = "<absolute>";
		};
		18E2BE7B1E56E7A900396801 /* Vender */ = {
			isa = PBXGroup;
			children = (
				1809267D1E56EC1B0006E776 /* FSActionSheet */,
				180926641E56EBAC0006E776 /* PageControl */,
				18E2BE9B1E56E7EF00396801 /* SDWebImage */,
				1809263C1E56EA7C0006E776 /* UIImage+XLExtension.h */,
				1809263D1E56EA7C0006E776 /* UIImage+XLExtension.m */,
				1809263E1E56EA7C0006E776 /* UIView+XLExtension.h */,
				1809263F1E56EA7C0006E776 /* UIView+XLExtension.m */,
				180926421E56EA860006E776 /* XLPhotoBrowser.h */,
				180926431E56EA860006E776 /* XLPhotoBrowser.m */,
				180926441E56EA860006E776 /* XLPhotoBrowserConfig.h */,
				180926451E56EA860006E776 /* XLProgressView.h */,
				180926461E56EA860006E776 /* XLProgressView.m */,
				180926471E56EA860006E776 /* XLZoomingScrollView.h */,
				180926481E56EA860006E776 /* XLZoomingScrollView.m */,
			);
			name = Vender;
			sourceTree = "<group>";
		};
		18E2BE9B1E56E7EF00396801 /* SDWebImage */ = {
			isa = PBXGroup;
			children = (
				18E2BE9C1E56E7EF00396801 /* MKAnnotationView+WebCache.h */,
				18E2BE9D1E56E7EF00396801 /* MKAnnotationView+WebCache.m */,
				18E2BE9E1E56E7EF00396801 /* NSData+ImageContentType.h */,
				18E2BE9F1E56E7EF00396801 /* NSData+ImageContentType.m */,
				18E2BEA01E56E7EF00396801 /* SDImageCache.h */,
				18E2BEA11E56E7EF00396801 /* SDImageCache.m */,
				18E2BEA21E56E7EF00396801 /* SDWebImageCompat.h */,
				18E2BEA31E56E7EF00396801 /* SDWebImageCompat.m */,
				18E2BEA41E56E7EF00396801 /* SDWebImageDecoder.h */,
				18E2BEA51E56E7EF00396801 /* SDWebImageDecoder.m */,
				18E2BEA61E56E7EF00396801 /* SDWebImageDownloader.h */,
				18E2BEA71E56E7EF00396801 /* SDWebImageDownloader.m */,
				18E2BEA81E56E7EF00396801 /* SDWebImageDownloaderOperation.h */,
				18E2BEA91E56E7EF00396801 /* SDWebImageDownloaderOperation.m */,
				18E2BEAA1E56E7EF00396801 /* SDWebImageManager.h */,
				18E2BEAB1E56E7EF00396801 /* SDWebImageManager.m */,
				18E2BEAC1E56E7EF00396801 /* SDWebImageOperation.h */,
				18E2BEAD1E56E7EF00396801 /* SDWebImagePrefetcher.h */,
				18E2BEAE1E56E7EF00396801 /* SDWebImagePrefetcher.m */,
				18E2BEAF1E56E7EF00396801 /* UIButton+WebCache.h */,
				18E2BEB01E56E7EF00396801 /* UIButton+WebCache.m */,
				18E2BEB11E56E7EF00396801 /* UIImage+GIF.h */,
				18E2BEB21E56E7EF00396801 /* UIImage+GIF.m */,
				18E2BEB31E56E7EF00396801 /* UIImage+MultiFormat.h */,
				18E2BEB41E56E7EF00396801 /* UIImage+MultiFormat.m */,
				18E2BEB51E56E7EF00396801 /* UIImage+WebP.h */,
				18E2BEB61E56E7EF00396801 /* UIImage+WebP.m */,
				18E2BEB71E56E7EF00396801 /* UIImageView+HighlightedWebCache.h */,
				18E2BEB81E56E7EF00396801 /* UIImageView+HighlightedWebCache.m */,
				18E2BEB91E56E7EF00396801 /* UIImageView+WebCache.h */,
				18E2BEBA1E56E7EF00396801 /* UIImageView+WebCache.m */,
				18E2BEBB1E56E7EF00396801 /* UIView+WebCacheOperation.h */,
				18E2BEBC1E56E7EF00396801 /* UIView+WebCacheOperation.m */,
			);
			name = SDWebImage;
			path = ../../sourceTree/LHPhotoBrowser/LHPhotoBrowser/SDWebImage;
			sourceTree = "<group>";
		};
/* End PBXGroup section */

/* Begin PBXNativeTarget section */
		187F0C1F1E56962D0062EEA8 /* LHPhotoBrowser */ = {
			isa = PBXNativeTarget;
			buildConfigurationList = 187F0C371E56962D0062EEA8 /* Build configuration list for PBXNativeTarget "LHPhotoBrowser" */;
			buildPhases = (
				187F0C1C1E56962D0062EEA8 /* Sources */,
				187F0C1D1E56962D0062EEA8 /* Frameworks */,
				187F0C1E1E56962D0062EEA8 /* Resources */,
			);
			buildRules = (
			);
			dependencies = (
			);
			name = LHPhotoBrowser;
			productName = LHPhotoBrowser;
			productReference = 187F0C201E56962D0062EEA8 /* LHPhotoBrowser.app */;
			productType = "com.apple.product-type.application";
		};
/* End PBXNativeTarget section */

/* Begin PBXProject section */
		187F0C181E56962D0062EEA8 /* Project object */ = {
			isa = PBXProject;
			attributes = {
				LastUpgradeCheck = 0810;
				ORGANIZATIONNAME = apple;
				TargetAttributes = {
					187F0C1F1E56962D0062EEA8 = {
						CreatedOnToolsVersion = 8.1;
						ProvisioningStyle = Automatic;
					};
				};
			};
			buildConfigurationList = 187F0C1B1E56962D0062EEA8 /* Build configuration list for PBXProject "LHPhotoBrowser" */;
			compatibilityVersion = "Xcode 3.2";
			developmentRegion = English;
			hasScannedForEncodings = 0;
			knownRegions = (
				en,
				Base,
			);
			mainGroup = 187F0C171E56962D0062EEA8;
			productRefGroup = 187F0C211E56962D0062EEA8 /* Products */;
			projectDirPath = "";
			projectRoot = "";
			targets = (
				187F0C1F1E56962D0062EEA8 /* LHPhotoBrowser */,
			);
		};
/* End PBXProject section */

/* Begin PBXResourcesBuildPhase section */
		187F0C1E1E56962D0062EEA8 /* Resources */ = {
			isa = PBXResourcesBuildPhase;
			buildActionMask = 2147483647;
			files = (
				1809268D1E56EC3E0006E776 /* FSActionSheet_cancel@3x.png in Resources */,
				187F0C3F1E5696890062EEA8 /* photo2t.jpg in Resources */,
				187F0C5B1E5696F10062EEA8 /* photo10.JPG in Resources */,
				187F0C4D1E5696B70062EEA8 /* photo6.jpg in Resources */,
				187F0C551E5696D30062EEA8 /* photo8.jpg in Resources */,
				187F0C411E56968F0062EEA8 /* photo3.jpg in Resources */,
				187F0C591E5696E60062EEA8 /* photo9.jpg in Resources */,
				187F0C3D1E56967F0062EEA8 /* photo2.jpg in Resources */,
				187F0C431E5696960062EEA8 /* photo3t.jpg in Resources */,
				187F0C511E5696C40062EEA8 /* photo7.jpg in Resources */,
				1809268C1E56EC3E0006E776 /* FSActionSheet_cancel@2x.png in Resources */,
				187F0C3B1E5696790062EEA8 /* photo1.jpg in Resources */,
				187F0C331E56962D0062EEA8 /* LaunchScreen.storyboard in Resources */,
				187F0C491E5696AC0062EEA8 /* photo5.jpg in Resources */,
				187F0C301E56962D0062EEA8 /* Assets.xcassets in Resources */,
				187F0C2E1E56962D0062EEA8 /* Main.storyboard in Resources */,
				187F0C571E5696DF0062EEA8 /* photo8t.jpg in Resources */,
				187F0C4F1E5696BD0062EEA8 /* photo6t.jpg in Resources */,
				187F0C4B1E5696B10062EEA8 /* photo5t.jpg in Resources */,
				187F0C471E5696A30062EEA8 /* photo4t.jpg in Resources */,
				187F0C451E56969C0062EEA8 /* photo4.jpg in Resources */,
				187F0C531E5696CA0062EEA8 /* photo7t.jpg in Resources */,
			);
			runOnlyForDeploymentPostprocessing = 0;
		};
/* End PBXResourcesBuildPhase section */

/* Begin PBXSourcesBuildPhase section */
		187F0C1C1E56962D0062EEA8 /* Sources */ = {
			isa = PBXSourcesBuildPhase;
			buildActionMask = 2147483647;
			files = (
				18E2BEC71E56E7EF00396801 /* UIImage+GIF.m in Sources */,
				1809264B1E56EA860006E776 /* XLZoomingScrollView.m in Sources */,
				18E2BEC51E56E7EF00396801 /* SDWebImagePrefetcher.m in Sources */,
				180926861E56EC340006E776 /* FSActionSheet.m in Sources */,
				180926401E56EA7C0006E776 /* UIImage+XLExtension.m in Sources */,
				18E2BEBE1E56E7EF00396801 /* NSData+ImageContentType.m in Sources */,
				187F0C2B1E56962D0062EEA8 /* ViewController.m in Sources */,
				1809266D1E56EBD80006E776 /* TAAbstractDotView.m in Sources */,
				18E2BEC61E56E7EF00396801 /* UIButton+WebCache.m in Sources */,
				18E2BEC31E56E7EF00396801 /* SDWebImageDownloaderOperation.m in Sources */,
				18E2BEBD1E56E7EF00396801 /* MKAnnotationView+WebCache.m in Sources */,
				180926411E56EA7C0006E776 /* UIView+XLExtension.m in Sources */,
				18E2BEC01E56E7EF00396801 /* SDWebImageCompat.m in Sources */,
				180926891E56EC340006E776 /* FSActionSheetItem.m in Sources */,
				187F0C281E56962D0062EEA8 /* AppDelegate.m in Sources */,
				18E2BEC81E56E7EF00396801 /* UIImage+MultiFormat.m in Sources */,
				18E2BECB1E56E7EF00396801 /* UIImageView+WebCache.m in Sources */,
				18E2BECC1E56E7EF00396801 /* UIView+WebCacheOperation.m in Sources */,
				187F0C251E56962D0062EEA8 /* main.m in Sources */,
				18E2BEC21E56E7EF00396801 /* SDWebImageDownloader.m in Sources */,
				18E2BECA1E56E7EF00396801 /* UIImageView+HighlightedWebCache.m in Sources */,
				180926871E56EC340006E776 /* FSActionSheetCell.m in Sources */,
				1809266F1E56EBD80006E776 /* TADotView.m in Sources */,
				180926491E56EA860006E776 /* XLPhotoBrowser.m in Sources */,
				180926701E56EBD80006E776 /* TAPageControl.m in Sources */,
				1809264A1E56EA860006E776 /* XLProgressView.m in Sources */,
				180926881E56EC340006E776 /* FSActionSheetConfig.m in Sources */,
				18E2BEC11E56E7EF00396801 /* SDWebImageDecoder.m in Sources */,
				1809266E1E56EBD80006E776 /* TAAnimatedDotView.m in Sources */,
				18E2BEC91E56E7EF00396801 /* UIImage+WebP.m in Sources */,
				18E2BEC41E56E7EF00396801 /* SDWebImageManager.m in Sources */,
				18E2BEBF1E56E7EF00396801 /* SDImageCache.m in Sources */,
			);
			runOnlyForDeploymentPostprocessing = 0;
		};
/* End PBXSourcesBuildPhase section */

/* Begin PBXVariantGroup section */
		187F0C2C1E56962D0062EEA8 /* Main.storyboard */ = {
			isa = PBXVariantGroup;
			children = (
				187F0C2D1E56962D0062EEA8 /* Base */,
			);
			name = Main.storyboard;
			sourceTree = "<group>";
		};
		187F0C311E56962D0062EEA8 /* LaunchScreen.storyboard */ = {
			isa = PBXVariantGroup;
			children = (
				187F0C321E56962D0062EEA8 /* Base */,
			);
			name = LaunchScreen.storyboard;
			sourceTree = "<group>";
		};
/* End PBXVariantGroup section */

/* Begin XCBuildConfiguration section */
		187F0C351E56962D0062EEA8 /* Debug */ = {
			isa = XCBuildConfiguration;
			buildSettings = {
				ALWAYS_SEARCH_USER_PATHS = NO;
				CLANG_ANALYZER_NONNULL = YES;
				CLANG_CXX_LANGUAGE_STANDARD = "gnu++0x";
				CLANG_CXX_LIBRARY = "libc++";
				CLANG_ENABLE_MODULES = YES;
				CLANG_ENABLE_OBJC_ARC = YES;
				CLANG_WARN_BOOL_CONVERSION = YES;
				CLANG_WARN_CONSTANT_CONVERSION = YES;
				CLANG_WARN_DIRECT_OBJC_ISA_USAGE = YES_ERROR;
				CLANG_WARN_DOCUMENTATION_COMMENTS = YES;
				CLANG_WARN_EMPTY_BODY = YES;
				CLANG_WARN_ENUM_CONVERSION = YES;
				CLANG_WARN_INFINITE_RECURSION = YES;
				CLANG_WARN_INT_CONVERSION = YES;
				CLANG_WARN_OBJC_ROOT_CLASS = YES_ERROR;
				CLANG_WARN_SUSPICIOUS_MOVES = YES;
				CLANG_WARN_UNREACHABLE_CODE = YES;
				CLANG_WARN__DUPLICATE_METHOD_MATCH = YES;
				"CODE_SIGN_IDENTITY[sdk=iphoneos*]" = "iPhone Developer";
				COPY_PHASE_STRIP = NO;
				DEBUG_INFORMATION_FORMAT = dwarf;
				ENABLE_STRICT_OBJC_MSGSEND = YES;
				ENABLE_TESTABILITY = YES;
				GCC_C_LANGUAGE_STANDARD = gnu99;
				GCC_DYNAMIC_NO_PIC = NO;
				GCC_NO_COMMON_BLOCKS = YES;
				GCC_OPTIMIZATION_LEVEL = 0;
				GCC_PREPROCESSOR_DEFINITIONS = (
					"DEBUG=1",
					"$(inherited)",
				);
				GCC_WARN_64_TO_32_BIT_CONVERSION = YES;
				GCC_WARN_ABOUT_RETURN_TYPE = YES_ERROR;
				GCC_WARN_UNDECLARED_SELECTOR = YES;
				GCC_WARN_UNINITIALIZED_AUTOS = YES_AGGRESSIVE;
				GCC_WARN_UNUSED_FUNCTION = YES;
				GCC_WARN_UNUSED_VARIABLE = YES;
				IPHONEOS_DEPLOYMENT_TARGET = 10.1;
				MTL_ENABLE_DEBUG_INFO = YES;
				ONLY_ACTIVE_ARCH = YES;
				SDKROOT = iphoneos;
				TARGETED_DEVICE_FAMILY = "1,2";
			};
			name = Debug;
		};
		187F0C361E56962D0062EEA8 /* Release */ = {
			isa = XCBuildConfiguration;
			buildSettings = {
				ALWAYS_SEARCH_USER_PATHS = NO;
				CLANG_ANALYZER_NONNULL = YES;
				CLANG_CXX_LANGUAGE_STANDARD = "gnu++0x";
				CLANG_CXX_LIBRARY = "libc++";
				CLANG_ENABLE_MODULES = YES;
				CLANG_ENABLE_OBJC_ARC = YES;
				CLANG_WARN_BOOL_CONVERSION = YES;
				CLANG_WARN_CONSTANT_CONVERSION = YES;
				CLANG_WARN_DIRECT_OBJC_ISA_USAGE = YES_ERROR;
				CLANG_WARN_DOCUMENTATION_COMMENTS = YES;
				CLANG_WARN_EMPTY_BODY = YES;
				CLANG_WARN_ENUM_CONVERSION = YES;
				CLANG_WARN_INFINITE_RECURSION = YES;
				CLANG_WARN_INT_CONVERSION = YES;
				CLANG_WARN_OBJC_ROOT_CLASS = YES_ERROR;
				CLANG_WARN_SUSPICIOUS_MOVES = YES;
				CLANG_WARN_UNREACHABLE_CODE = YES;
				CLANG_WARN__DUPLICATE_METHOD_MATCH = YES;
				"CODE_SIGN_IDENTITY[sdk=iphoneos*]" = "iPhone Developer";
				COPY_PHASE_STRIP = NO;
				DEBUG_INFORMATION_FORMAT = "dwarf-with-dsym";
				ENABLE_NS_ASSERTIONS = NO;
				ENABLE_STRICT_OBJC_MSGSEND = YES;
				GCC_C_LANGUAGE_STANDARD = gnu99;
				GCC_NO_COMMON_BLOCKS = YES;
				GCC_WARN_64_TO_32_BIT_CONVERSION = YES;
				GCC_WARN_ABOUT_RETURN_TYPE = YES_ERROR;
				GCC_WARN_UNDECLARED_SELECTOR = YES;
				GCC_WARN_UNINITIALIZED_AUTOS = YES_AGGRESSIVE;
				GCC_WARN_UNUSED_FUNCTION = YES;
				GCC_WARN_UNUSED_VARIABLE = YES;
				IPHONEOS_DEPLOYMENT_TARGET = 10.1;
				MTL_ENABLE_DEBUG_INFO = NO;
				SDKROOT = iphoneos;
				TARGETED_DEVICE_FAMILY = "1,2";
				VALIDATE_PRODUCT = YES;
			};
			name = Release;
		};
		187F0C381E56962D0062EEA8 /* Debug */ = {
			isa = XCBuildConfiguration;
			buildSettings = {
				ASSETCATALOG_COMPILER_APPICON_NAME = AppIcon;
				INFOPLIST_FILE = LHPhotoBrowser/Info.plist;
				LD_RUNPATH_SEARCH_PATHS = "$(inherited) @executable_path/Frameworks";
				PRODUCT_BUNDLE_IDENTIFIER = jijia.LHPhotoBrowser;
				PRODUCT_NAME = "$(TARGET_NAME)";
			};
			name = Debug;
		};
		187F0C391E56962D0062EEA8 /* Release */ = {
			isa = XCBuildConfiguration;
			buildSettings = {
				ASSETCATALOG_COMPILER_APPICON_NAME = AppIcon;
				INFOPLIST_FILE = LHPhotoBrowser/Info.plist;
				LD_RUNPATH_SEARCH_PATHS = "$(inherited) @executable_path/Frameworks";
				PRODUCT_BUNDLE_IDENTIFIER = jijia.LHPhotoBrowser;
				PRODUCT_NAME = "$(TARGET_NAME)";
			};
			name = Release;
		};
/* End XCBuildConfiguration section */

/* Begin XCConfigurationList section */
		187F0C1B1E56962D0062EEA8 /* Build configuration list for PBXProject "LHPhotoBrowser" */ = {
			isa = XCConfigurationList;
			buildConfigurations = (
				187F0C351E56962D0062EEA8 /* Debug */,
				187F0C361E56962D0062EEA8 /* Release */,
			);
			defaultConfigurationIsVisible = 0;
			defaultConfigurationName = Release;
		};
		187F0C371E56962D0062EEA8 /* Build configuration list for PBXNativeTarget "LHPhotoBrowser" */ = {
			isa = XCConfigurationList;
			buildConfigurations = (
				187F0C381E56962D0062EEA8 /* Debug */,
				187F0C391E56962D0062EEA8 /* Release */,
			);
			defaultConfigurationIsVisible = 0;
			defaultConfigurationName = Release;
		};
/* End XCConfigurationList section */
	};
	rootObject = 187F0C181E56962D0062EEA8 /* Project object */;
}
